// !$*UTF8*$!
{
	archiveVersion = 1;
	classes = {
	};
	objectVersion = 56;
	objects = {

/* Begin PBXBuildFile section */
		2B6D029C2B1714C30023F97E /* AppDelegate.m in Sources */ = {isa = PBXBuildFile; fileRef = 2B6D029B2B1714C30023F97E /* AppDelegate.m */; };
		2B6D029F2B1714C30023F97E /* SceneDelegate.m in Sources */ = {isa = PBXBuildFile; fileRef = 2B6D029E2B1714C30023F97E /* SceneDelegate.m */; };
		2B6D02A22B1714C30023F97E /* ViewController.m in Sources */ = {isa = PBXBuildFile; fileRef = 2B6D02A12B1714C30023F97E /* ViewController.m */; };
		2B6D02A52B1714C30023F97E /* Main.storyboard in Resources */ = {isa = PBXBuildFile; fileRef = 2B6D02A32B1714C30023F97E /* Main.storyboard */; };
		2B6D02AA2B1714C50023F97E /* LaunchScreen.storyboard in Resources */ = {isa = PBXBuildFile; fileRef = 2B6D02A82B1714C50023F97E /* LaunchScreen.storyboard */; };
		2B6D02AD2B1714C50023F97E /* main.m in Sources */ = {isa = PBXBuildFile; fileRef = 2B6D02AC2B1714C50023F97E /* main.m */; };
		2B6D02B52B1837160023F97E /* play.png in Resources */ = {isa = PBXBuildFile; fileRef = 2B6D02B42B1837160023F97E /* play.png */; };
		2B6D02B72B1837430023F97E /* pause.png in Resources */ = {isa = PBXBuildFile; fileRef = 2B6D02B62B1837430023F97E /* pause.png */; };
		2B6D02B92B183EDE0023F97E /* Assets.xcassets in Resources */ = {isa = PBXBuildFile; fileRef = 2B6D02B82B183EDE0023F97E /* Assets.xcassets */; };
		2BC07F482B35882D0028B833 /* VideoCoder.m in Sources */ = {isa = PBXBuildFile; fileRef = 2BC07F472B35882D0028B833 /* VideoCoder.m */; };
		2BC07F4B2B3591BC0028B833 /* MLBB_Hanabi.mp4 in Resources */ = {isa = PBXBuildFile; fileRef = 2BC07F4A2B3591BC0028B833 /* MLBB_Hanabi.mp4 */; };
		2BC07F4E2B395DA80028B833 /* shaders.metal in Sources */ = {isa = PBXBuildFile; fileRef = 2BC07F4D2B395DA80028B833 /* shaders.metal */; };
/* End PBXBuildFile section */

/* Begin PBXFileReference section */
		2B6D02972B1714C30023F97E /* WDVideoRenderFlip.app */ = {isa = PBXFileReference; explicitFileType = wrapper.application; includeInIndex = 0; path = WDVideoRenderFlip.app; sourceTree = BUILT_PRODUCTS_DIR; };
		2B6D029A2B1714C30023F97E /* AppDelegate.h */ = {isa = PBXFileReference; lastKnownFileType = sourcecode.c.h; path = AppDelegate.h; sourceTree = "<group>"; };
		2B6D029B2B1714C30023F97E /* AppDelegate.m */ = {isa = PBXFileReference; lastKnownFileType = sourcecode.c.objc; path = AppDelegate.m; sourceTree = "<group>"; };
		2B6D029D2B1714C30023F97E /* SceneDelegate.h */ = {isa = PBXFileReference; lastKnownFileType = sourcecode.c.h; path = SceneDelegate.h; sourceTree = "<group>"; };
		2B6D029E2B1714C30023F97E /* SceneDelegate.m */ = {isa = PBXFileReference; lastKnownFileType = sourcecode.c.objc; path = SceneDelegate.m; sourceTree = "<group>"; };
		2B6D02A02B1714C30023F97E /* ViewController.h */ = {isa = PBXFileReference; lastKnownFileType = sourcecode.c.h; path = ViewController.h; sourceTree = "<group>"; };
		2B6D02A12B1714C30023F97E /* ViewController.m */ = {isa = PBXFileReference; lastKnownFileType = sourcecode.c.objc; path = ViewController.m; sourceTree = "<group>"; };
		2B6D02A42B1714C30023F97E /* Base */ = {isa = PBXFileReference; lastKnownFileType = file.storyboard; name = Base; path = Base.lproj/Main.storyboard; sourceTree = "<group>"; };
		2B6D02A92B1714C50023F97E /* Base */ = {isa = PBXFileReference; lastKnownFileType = file.storyboard; name = Base; path = Base.lproj/LaunchScreen.storyboard; sourceTree = "<group>"; };
		2B6D02AB2B1714C50023F97E /* Info.plist */ = {isa = PBXFileReference; lastKnownFileType = text.plist.xml; path = Info.plist; sourceTree = "<group>"; };
		2B6D02AC2B1714C50023F97E /* main.m */ = {isa = PBXFileReference; lastKnownFileType = sourcecode.c.objc; path = main.m; sourceTree = "<group>"; };
		2B6D02B42B1837160023F97E /* play.png */ = {isa = PBXFileReference; lastKnownFileType = image.png; path = play.png; sourceTree = "<group>"; };
		2B6D02B62B1837430023F97E /* pause.png */ = {isa = PBXFileReference; lastKnownFileType = image.png; path = pause.png; sourceTree = "<group>"; };
		2B6D02B82B183EDE0023F97E /* Assets.xcassets */ = {isa = PBXFileReference; lastKnownFileType = folder.assetcatalog; path = Assets.xcassets; sourceTree = "<group>"; };
		2BC07F462B35882D0028B833 /* VideoCoder.h */ = {isa = PBXFileReference; lastKnownFileType = sourcecode.c.h; path = VideoCoder.h; sourceTree = "<group>"; };
		2BC07F472B35882D0028B833 /* VideoCoder.m */ = {isa = PBXFileReference; lastKnownFileType = sourcecode.c.objc; path = VideoCoder.m; sourceTree = "<group>"; };
		2BC07F4A2B3591BC0028B833 /* MLBB_Hanabi.mp4 */ = {isa = PBXFileReference; lastKnownFileType = file; name = MLBB_Hanabi.mp4; path = ../../../Documents/MLBB_Hanabi.mp4; sourceTree = "<group>"; };
		2BC07F4D2B395DA80028B833 /* shaders.metal */ = {isa = PBXFileReference; lastKnownFileType = sourcecode.metal; path = shaders.metal; sourceTree = "<group>"; };
/* End PBXFileReference section */

/* Begin PBXFrameworksBuildPhase section */
		2B6D02942B1714C30023F97E /* Frameworks */ = {
			isa = PBXFrameworksBuildPhase;
			buildActionMask = 2147483647;
			files = (
			);
			runOnlyForDeploymentPostprocessing = 0;
		};
/* End PBXFrameworksBuildPhase section */

/* Begin PBXGroup section */
		2B6D028E2B1714C30023F97E = {
			isa = PBXGroup;
			children = (
				2B6D02B32B1836940023F97E /* Resources */,
				2B6D02992B1714C30023F97E /* WDVideoRenderFlip */,
				2B6D02982B1714C30023F97E /* Products */,
			);
			sourceTree = "<group>";
		};
		2B6D02982B1714C30023F97E /* Products */ = {
			isa = PBXGroup;
			children = (
				2B6D02972B1714C30023F97E /* WDVideoRenderFlip.app */,
			);
			name = Products;
			sourceTree = "<group>";
		};
		2B6D02992B1714C30023F97E /* WDVideoRenderFlip */ = {
			isa = PBXGroup;
			children = (
				2BC07F4C2B395AB50028B833 /* Render */,
				2B6D029A2B1714C30023F97E /* AppDelegate.h */,
				2B6D029B2B1714C30023F97E /* AppDelegate.m */,
				2B6D029D2B1714C30023F97E /* SceneDelegate.h */,
				2B6D029E2B1714C30023F97E /* SceneDelegate.m */,
				2B6D02A02B1714C30023F97E /* ViewController.h */,
				2B6D02A12B1714C30023F97E /* ViewController.m */,
				2B6D02A32B1714C30023F97E /* Main.storyboard */,
				2B6D02B82B183EDE0023F97E /* Assets.xcassets */,
				2B6D02A82B1714C50023F97E /* LaunchScreen.storyboard */,
				2B6D02AB2B1714C50023F97E /* Info.plist */,
				2B6D02AC2B1714C50023F97E /* main.m */,
			);
			path = WDVideoRenderFlip;
			sourceTree = "<group>";
		};
		2B6D02B32B1836940023F97E /* Resources */ = {
			isa = PBXGroup;
			children = (
				2BC07F4A2B3591BC0028B833 /* MLBB_Hanabi.mp4 */,
				2B6D02B62B1837430023F97E /* pause.png */,
				2B6D02B42B1837160023F97E /* play.png */,
			);
			path = Resources;
			sourceTree = "<group>";
		};
		2BC07F4C2B395AB50028B833 /* Render */ = {
			isa = PBXGroup;
			children = (
				2BC07F462B35882D0028B833 /* VideoCoder.h */,
				2BC07F472B35882D0028B833 /* VideoCoder.m */,
				2BC07F4D2B395DA80028B833 /* shaders.metal */,
			);
			path = Render;
			sourceTree = "<group>";
		};
/* End PBXGroup section */

/* Begin PBXNativeTarget section */
		2B6D02962B1714C30023F97E /* WDVideoRenderFlip */ = {
			isa = PBXNativeTarget;
			buildConfigurationList = 2B6D02B02B1714C50023F97E /* Build configuration list for PBXNativeTarget "WDVideoRenderFlip" */;
			buildPhases = (
				2B6D02932B1714C30023F97E /* Sources */,
				2B6D02942B1714C30023F97E /* Frameworks */,
				2B6D02952B1714C30023F97E /* Resources */,
			);
			buildRules = (
			);
			dependencies = (
			);
			name = WDVideoRenderFlip;
			productName = VideoDemo;
			productReference = 2B6D02972B1714C30023F97E /* WDVideoRenderFlip.app */;
			productType = "com.apple.product-type.application";
		};
/* End PBXNativeTarget section */

/* Begin PBXProject section */
		2B6D028F2B1714C30023F97E /* Project object */ = {
			isa = PBXProject;
			attributes = {
				BuildIndependentTargetsInParallel = 1;
				LastUpgradeCheck = 1500;
				TargetAttributes = {
					2B6D02962B1714C30023F97E = {
						CreatedOnToolsVersion = 15.0.1;
					};
				};
			};
			buildConfigurationList = 2B6D02922B1714C30023F97E /* Build configuration list for PBXProject "WDVideoRenderFlip" */;
			compatibilityVersion = "Xcode 14.0";
			developmentRegion = en;
			hasScannedForEncodings = 0;
			knownRegions = (
				en,
				Base,
			);
			mainGroup = 2B6D028E2B1714C30023F97E;
			productRefGroup = 2B6D02982B1714C30023F97E /* Products */;
			projectDirPath = "";
			projectRoot = "";
			targets = (
				2B6D02962B1714C30023F97E /* WDVideoRenderFlip */,
			);
		};
/* End PBXProject section */

/* Begin PBXResourcesBuildPhase section */
		2B6D02952B1714C30023F97E /* Resources */ = {
			isa = PBXResourcesBuildPhase;
			buildActionMask = 2147483647;
			files = (
				2B6D02B52B1837160023F97E /* play.png in Resources */,
				2B6D02AA2B1714C50023F97E /* LaunchScreen.storyboard in Resources */,
				2B6D02B72B1837430023F97E /* pause.png in Resources */,
				2B6D02B92B183EDE0023F97E /* Assets.xcassets in Resources */,
				2B6D02A52B1714C30023F97E /* Main.storyboard in Resources */,
				2BC07F4B2B3591BC0028B833 /* MLBB_Hanabi.mp4 in Resources */,
			);
			runOnlyForDeploymentPostprocessing = 0;
		};
/* End PBXResourcesBuildPhase section */

/* Begin PBXSourcesBuildPhase section */
		2B6D02932B1714C30023F97E /* Sources */ = {
			isa = PBXSourcesBuildPhase;
			buildActionMask = 2147483647;
			files = (
				2B6D02A22B1714C30023F97E /* ViewController.m in Sources */,
				2B6D029C2B1714C30023F97E /* AppDelegate.m in Sources */,
				2BC07F4E2B395DA80028B833 /* shaders.metal in Sources */,
				2B6D02AD2B1714C50023F97E /* main.m in Sources */,
				2B6D029F2B1714C30023F97E /* SceneDelegate.m in Sources */,
				2BC07F482B35882D0028B833 /* VideoCoder.m in Sources */,
			);
			runOnlyForDeploymentPostprocessing = 0;
		};
/* End PBXSourcesBuildPhase section */

/* Begin PBXVariantGroup section */
		2B6D02A32B1714C30023F97E /* Main.storyboard */ = {
			isa = PBXVariantGroup;
			children = (
				2B6D02A42B1714C30023F97E /* Base */,
			);
			name = Main.storyboard;
			sourceTree = "<group>";
		};
		2B6D02A82B1714C50023F97E /* LaunchScreen.storyboard */ = {
			isa = PBXVariantGroup;
			children = (
				2B6D02A92B1714C50023F97E /* Base */,
			);
			name = LaunchScreen.storyboard;
			sourceTree = "<group>";
		};
/* End PBXVariantGroup section */

/* Begin XCBuildConfiguration section */
		2B6D02AE2B1714C50023F97E /* Debug */ = {
			isa = XCBuildConfiguration;
			buildSettings = {
				ALWAYS_SEARCH_USER_PATHS = NO;
				ASSETCATALOG_COMPILER_GENERATE_SWIFT_ASSET_SYMBOL_EXTENSIONS = YES;
				CLANG_ANALYZER_NONNULL = YES;
				CLANG_ANALYZER_NUMBER_OBJECT_CONVERSION = YES_AGGRESSIVE;
				CLANG_CXX_LANGUAGE_STANDARD = "gnu++20";
				CLANG_ENABLE_MODULES = YES;
				CLANG_ENABLE_OBJC_ARC = YES;
				CLANG_ENABLE_OBJC_WEAK = YES;
				CLANG_WARN_BLOCK_CAPTURE_AUTORELEASING = YES;
				CLANG_WARN_BOOL_CONVERSION = YES;
				CLANG_WARN_COMMA = YES;
				CLANG_WARN_CONSTANT_CONVERSION = YES;
				CLANG_WARN_DEPRECATED_OBJC_IMPLEMENTATIONS = YES;
				CLANG_WARN_DIRECT_OBJC_ISA_USAGE = YES_ERROR;
				CLANG_WARN_DOCUMENTATION_COMMENTS = YES;
				CLANG_WARN_EMPTY_BODY = YES;
				CLANG_WARN_ENUM_CONVERSION = YES;
				CLANG_WARN_INFINITE_RECURSION = YES;
				CLANG_WARN_INT_CONVERSION = YES;
				CLANG_WARN_NON_LITERAL_NULL_CONVERSION = YES;
				CLANG_WARN_OBJC_IMPLICIT_RETAIN_SELF = YES;
				CLANG_WARN_OBJC_LITERAL_CONVERSION = YES;
				CLANG_WARN_OBJC_ROOT_CLASS = YES_ERROR;
				CLANG_WARN_QUOTED_INCLUDE_IN_FRAMEWORK_HEADER = YES;
				CLANG_WARN_RANGE_LOOP_ANALYSIS = YES;
				CLANG_WARN_STRICT_PROTOTYPES = YES;
				CLANG_WARN_SUSPICIOUS_MOVE = YES;
				CLANG_WARN_UNGUARDED_AVAILABILITY = YES_AGGRESSIVE;
				CLANG_WARN_UNREACHABLE_CODE = YES;
				CLANG_WARN__DUPLICATE_METHOD_MATCH = YES;
				COPY_PHASE_STRIP = NO;
				DEBUG_INFORMATION_FORMAT = dwarf;
				ENABLE_STRICT_OBJC_MSGSEND = YES;
				ENABLE_TESTABILITY = YES;
				ENABLE_USER_SCRIPT_SANDBOXING = YES;
				GCC_C_LANGUAGE_STANDARD = gnu17;
				GCC_DYNAMIC_NO_PIC = NO;
				GCC_NO_COMMON_BLOCKS = YES;
				GCC_OPTIMIZATION_LEVEL = 0;
				GCC_PREPROCESSOR_DEFINITIONS = (
					"DEBUG=1",
					"$(inherited)",
				);
				GCC_WARN_64_TO_32_BIT_CONVERSION = YES;
				GCC_WARN_ABOUT_RETURN_TYPE = YES_ERROR;
				GCC_WARN_UNDECLARED_SELECTOR = YES;
				GCC_WARN_UNINITIALIZED_AUTOS = YES_AGGRESSIVE;
				GCC_WARN_UNUSED_FUNCTION = YES;
				GCC_WARN_UNUSED_VARIABLE = YES;
				IPHONEOS_DEPLOYMENT_TARGET = 17.0;
				LOCALIZATION_PREFERS_STRING_CATALOGS = YES;
				MTL_ENABLE_DEBUG_INFO = INCLUDE_SOURCE;
				MTL_FAST_MATH = YES;
				ONLY_ACTIVE_ARCH = YES;
				SDKROOT = iphoneos;
			};
			name = Debug;
		};
		2B6D02AF2B1714C50023F97E /* Release */ = {
			isa = XCBuildConfiguration;
			buildSettings = {
				ALWAYS_SEARCH_USER_PATHS = NO;
				ASSETCATALOG_COMPILER_GENERATE_SWIFT_ASSET_SYMBOL_EXTENSIONS = YES;
				CLANG_ANALYZER_NONNULL = YES;
				CLANG_ANALYZER_NUMBER_OBJECT_CONVERSION = YES_AGGRESSIVE;
				CLANG_CXX_LANGUAGE_STANDARD = "gnu++20";
				CLANG_ENABLE_MODULES = YES;
				CLANG_ENABLE_OBJC_ARC = YES;
				CLANG_ENABLE_OBJC_WEAK = YES;
				CLANG_WARN_BLOCK_CAPTURE_AUTORELEASING = YES;
				CLANG_WARN_BOOL_CONVERSION = YES;
				CLANG_WARN_COMMA = YES;
				CLANG_WARN_CONSTANT_CONVERSION = YES;
				CLANG_WARN_DEPRECATED_OBJC_IMPLEMENTATIONS = YES;
				CLANG_WARN_DIRECT_OBJC_ISA_USAGE = YES_ERROR;
				CLANG_WARN_DOCUMENTATION_COMMENTS = YES;
				CLANG_WARN_EMPTY_BODY = YES;
				CLANG_WARN_ENUM_CONVERSION = YES;
				CLANG_WARN_INFINITE_RECURSION = YES;
				CLANG_WARN_INT_CONVERSION = YES;
				CLANG_WARN_NON_LITERAL_NULL_CONVERSION = YES;
				CLANG_WARN_OBJC_IMPLICIT_RETAIN_SELF = YES;
				CLANG_WARN_OBJC_LITERAL_CONVERSION = YES;
				CLANG_WARN_OBJC_ROOT_CLASS = YES_ERROR;
				CLANG_WARN_QUOTED_INCLUDE_IN_FRAMEWORK_HEADER = YES;
				CLANG_WARN_RANGE_LOOP_ANALYSIS = YES;
				CLANG_WARN_STRICT_PROTOTYPES = YES;
				CLANG_WARN_SUSPICIOUS_MOVE = YES;
				CLANG_WARN_UNGUARDED_AVAILABILITY = YES_AGGRESSIVE;
				CLANG_WARN_UNREACHABLE_CODE = YES;
				CLANG_WARN__DUPLICATE_METHOD_MATCH = YES;
				COPY_PHASE_STRIP = NO;
				DEBUG_INFORMATION_FORMAT = "dwarf-with-dsym";
				ENABLE_NS_ASSERTIONS = NO;
				ENABLE_STRICT_OBJC_MSGSEND = YES;
				ENABLE_USER_SCRIPT_SANDBOXING = YES;
				GCC_C_LANGUAGE_STANDARD = gnu17;
				GCC_NO_COMMON_BLOCKS = YES;
				GCC_WARN_64_TO_32_BIT_CONVERSION = YES;
				GCC_WARN_ABOUT_RETURN_TYPE = YES_ERROR;
				GCC_WARN_UNDECLARED_SELECTOR = YES;
				GCC_WARN_UNINITIALIZED_AUTOS = YES_AGGRESSIVE;
				GCC_WARN_UNUSED_FUNCTION = YES;
				GCC_WARN_UNUSED_VARIABLE = YES;
				IPHONEOS_DEPLOYMENT_TARGET = 17.0;
				LOCALIZATION_PREFERS_STRING_CATALOGS = YES;
				MTL_ENABLE_DEBUG_INFO = NO;
				MTL_FAST_MATH = YES;
				SDKROOT = iphoneos;
				VALIDATE_PRODUCT = YES;
			};
			name = Release;
		};
		2B6D02B12B1714C50023F97E /* Debug */ = {
			isa = XCBuildConfiguration;
			buildSettings = {
				ASSETCATALOG_COMPILER_APPICON_NAME = AppIcon;
				ASSETCATALOG_COMPILER_GLOBAL_ACCENT_COLOR_NAME = AccentColor;
				CODE_SIGN_STYLE = Automatic;
				CURRENT_PROJECT_VERSION = 1;
				DEVELOPMENT_TEAM = ASV3YN4WLK;
				GENERATE_INFOPLIST_FILE = YES;
				INFOPLIST_FILE = VideoDemo/Info.plist;
				INFOPLIST_KEY_UIApplicationSupportsIndirectInputEvents = YES;
				INFOPLIST_KEY_UILaunchStoryboardName = LaunchScreen;
				INFOPLIST_KEY_UIMainStoryboardFile = Main;
				INFOPLIST_KEY_UISupportedInterfaceOrientations_iPad = "UIInterfaceOrientationPortrait UIInterfaceOrientationPortraitUpsideDown UIInterfaceOrientationLandscapeLeft UIInterfaceOrientationLandscapeRight";
				INFOPLIST_KEY_UISupportedInterfaceOrientations_iPhone = "UIInterfaceOrientationPortrait UIInterfaceOrientationLandscapeLeft UIInterfaceOrientationLandscapeRight";
				IPHONEOS_DEPLOYMENT_TARGET = 13.0;
				LD_RUNPATH_SEARCH_PATHS = (
					"$(inherited)",
					"@executable_path/Frameworks",
				);
				MARKETING_VERSION = 1.0;
				PRODUCT_BUNDLE_IDENTIFIER = com.demo.VideoDemo1;
				PRODUCT_NAME = "$(TARGET_NAME)";
				SWIFT_EMIT_LOC_STRINGS = YES;
				TARGETED_DEVICE_FAMILY = "1,2";
			};
			name = Debug;
		};
		2B6D02B22B1714C50023F97E /* Release */ = {
			isa = XCBuildConfiguration;
			buildSettings = {
				ASSETCATALOG_COMPILER_APPICON_NAME = AppIcon;
				ASSETCATALOG_COMPILER_GLOBAL_ACCENT_COLOR_NAME = AccentColor;
				CODE_SIGN_STYLE = Automatic;
				CURRENT_PROJECT_VERSION = 1;
				DEVELOPMENT_TEAM = ASV3YN4WLK;
				GENERATE_INFOPLIST_FILE = YES;
				INFOPLIST_FILE = VideoDemo/Info.plist;
				INFOPLIST_KEY_UIApplicationSupportsIndirectInputEvents = YES;
				INFOPLIST_KEY_UILaunchStoryboardName = LaunchScreen;
				INFOPLIST_KEY_UIMainStoryboardFile = Main;
				INFOPLIST_KEY_UISupportedInterfaceOrientations_iPad = "UIInterfaceOrientationPortrait UIInterfaceOrientationPortraitUpsideDown UIInterfaceOrientationLandscapeLeft UIInterfaceOrientationLandscapeRight";
				INFOPLIST_KEY_UISupportedInterfaceOrientations_iPhone = "UIInterfaceOrientationPortrait UIInterfaceOrientationLandscapeLeft UIInterfaceOrientationLandscapeRight";
				IPHONEOS_DEPLOYMENT_TARGET = 13.0;
				LD_RUNPATH_SEARCH_PATHS = (
					"$(inherited)",
					"@executable_path/Frameworks",
				);
				MARKETING_VERSION = 1.0;
				PRODUCT_BUNDLE_IDENTIFIER = com.demo.VideoDemo1;
				PRODUCT_NAME = "$(TARGET_NAME)";
				SWIFT_EMIT_LOC_STRINGS = YES;
				TARGETED_DEVICE_FAMILY = "1,2";
			};
			name = Release;
		};
/* End XCBuildConfiguration section */

/* Begin XCConfigurationList section */
		2B6D02922B1714C30023F97E /* Build configuration list for PBXProject "WDVideoRenderFlip" */ = {
			isa = XCConfigurationList;
			buildConfigurations = (
				2B6D02AE2B1714C50023F97E /* Debug */,
				2B6D02AF2B1714C50023F97E /* Release */,
			);
			defaultConfigurationIsVisible = 0;
			defaultConfigurationName = Release;
		};
		2B6D02B02B1714C50023F97E /* Build configuration list for PBXNativeTarget "WDVideoRenderFlip" */ = {
			isa = XCConfigurationList;
			buildConfigurations = (
				2B6D02B12B1714C50023F97E /* Debug */,
				2B6D02B22B1714C50023F97E /* Release */,
			);
			defaultConfigurationIsVisible = 0;
			defaultConfigurationName = Release;
		};
/* End XCConfigurationList section */
	};
	rootObject = 2B6D028F2B1714C30023F97E /* Project object */;
}
